
Microsoft Visual Studio Solution File, Format Version 12.00
# Visual Studio Version 17
VisualStudioVersion = 17.12.35707.178
MinimumVisualStudioVersion = 10.0.40219.1
Project("{FAE04EC0-301F-11D3-BF4B-00C04F79EFBC}") = "Solutions", "Solutions\Solutions.csproj", "{BE179A06-390C-4DCF-91AD-045E3AA18A8F}"
EndProject
Project("{FAE04EC0-301F-11D3-BF4B-00C04F79EFBC}") = "Tests", "Tests\Tests.csproj", "{A7ABBA40-DB96-4703-8C05-8181D9D15D44}"
EndProject
Global
	GlobalSection(SolutionConfigurationPlatforms) = preSolution
		Debug|Any CPU = Debug|Any CPU
		Release|Any CPU = Release|Any CPU
	EndGlobalSection
	GlobalSection(ProjectConfigurationPlatforms) = postSolution
		{BE179A06-390C-4DCF-91AD-045E3AA18A8F}.Debug|Any CPU.ActiveCfg = Debug|Any CPU
		{BE179A06-390C-4DCF-91AD-045E3AA18A8F}.Debug|Any CPU.Build.0 = Debug|Any CPU
		{BE179A06-390C-4DCF-91AD-045E3AA18A8F}.Release|Any CPU.ActiveCfg = Release|Any CPU
		{BE179A06-390C-4DCF-91AD-045E3AA18A8F}.Release|Any CPU.Build.0 = Release|Any CPU
		{A7ABBA40-DB96-4703-8C05-8181D9D15D44}.Debug|Any CPU.ActiveCfg = Debug|Any CPU
		{A7ABBA40-DB96-4703-8C05-8181D9D15D44}.Debug|Any CPU.Build.0 = Debug|Any CPU
		{A7ABBA40-DB96-4703-8C05-8181D9D15D44}.Release|Any CPU.ActiveCfg = Release|Any CPU
		{A7ABBA40-DB96-4703-8C05-8181D9D15D44}.Release|Any CPU.Build.0 = Release|Any CPU
	EndGlobalSection
	GlobalSection(SolutionProperties) = preSolution
		HideSolutionNode = FALSE
	EndGlobalSection
EndGlobal
